
Microsoft Visual Studio Solution File, Format Version 12.00
# Visual Studio Version 17
VisualStudioVersion = 17.11.35312.102
MinimumVisualStudioVersion = 10.0.40219.1
Project("{FAE04EC0-301F-11D3-BF4B-00C04F79EFBC}") = "Lab5.2", "Lab5.2.csproj", "{D252A6C2-8AA5-4A92-8344-879B18B38591}"
EndProject
Global
	GlobalSection(SolutionConfigurationPlatforms) = preSolution
		Debug|Any CPU = Debug|Any CPU
		Release|Any CPU = Release|Any CPU
	EndGlobalSection
	GlobalSection(ProjectConfigurationPlatforms) = postSolution
		{D252A6C2-8AA5-4A92-8344-879B18B38591}.Debug|Any CPU.ActiveCfg = Debug|Any CPU
		{D252A6C2-8AA5-4A92-8344-879B18B38591}.Debug|Any CPU.Build.0 = Debug|Any CPU
		{D252A6C2-8AA5-4A92-8344-879B18B38591}.Release|Any CPU.ActiveCfg = Release|Any CPU
		{D252A6C2-8AA5-4A92-8344-879B18B38591}.Release|Any CPU.Build.0 = Release|Any CPU
	EndGlobalSection
	GlobalSection(SolutionProperties) = preSolution
		HideSolutionNode = FALSE
	EndGlobalSection
	GlobalSection(ExtensibilityGlobals) = postSolution
		SolutionGuid = {BC65740B-15E7-402A-B9BA-64C9AD485585}
	EndGlobalSection
EndGlobal
